// !$*UTF8*$!
{
	archiveVersion = 1;
	classes = {
	};
	objectVersion = 50;
	objects = {

/* Begin PBXBuildFile section */
		7DB18FD42301EEF400C150A5 /* NGSRouter.framework in Frameworks */ = {isa = PBXBuildFile; fileRef = 7DB18FCA2301EEF300C150A5 /* NGSRouter.framework */; };
		7DB18FD92301EEF400C150A5 /* NGSRouterTests.swift in Sources */ = {isa = PBXBuildFile; fileRef = 7DB18FD82301EEF400C150A5 /* NGSRouterTests.swift */; };
		7DB1901A2301F05800C150A5 /* NGSRouter.swift in Sources */ = {isa = PBXBuildFile; fileRef = 7DB190032301F05800C150A5 /* NGSRouter.swift */; };
		7DB1901B2301F05800C150A5 /* NGSRouterConfig.swift in Sources */ = {isa = PBXBuildFile; fileRef = 7DB190042301F05800C150A5 /* NGSRouterConfig.swift */; };
		7DB1901C2301F05800C150A5 /* NGSRouterType.swift in Sources */ = {isa = PBXBuildFile; fileRef = 7DB190062301F05800C150A5 /* NGSRouterType.swift */; };
		7DB1901D2301F05800C150A5 /* NGSNavigatable.swift in Sources */ = {isa = PBXBuildFile; fileRef = 7DB190072301F05800C150A5 /* NGSNavigatable.swift */; };
		7DB1901E2301F05800C150A5 /* NGSStoryboardIdFactory.swift in Sources */ = {isa = PBXBuildFile; fileRef = 7DB190082301F05800C150A5 /* NGSStoryboardIdFactory.swift */; };
		7DB1901F2301F05800C150A5 /* NGSRouterAssember.swift in Sources */ = {isa = PBXBuildFile; fileRef = 7DB190092301F05800C150A5 /* NGSRouterAssember.swift */; };
		7DB190202301F05800C150A5 /* LightRoute.swift in Sources */ = {isa = PBXBuildFile; fileRef = 7DB1900B2301F05800C150A5 /* LightRoute.swift */; };
		7DB190212301F05800C150A5 /* TransitionNode.swift in Sources */ = {isa = PBXBuildFile; fileRef = 7DB1900D2301F05800C150A5 /* TransitionNode.swift */; };
		7DB190222301F05800C150A5 /* GenericTransitionNode.swift in Sources */ = {isa = PBXBuildFile; fileRef = 7DB1900E2301F05800C150A5 /* GenericTransitionNode.swift */; };
		7DB190232301F05800C150A5 /* SegueTransitionNode.swift in Sources */ = {isa = PBXBuildFile; fileRef = 7DB1900F2301F05800C150A5 /* SegueTransitionNode.swift */; };
		7DB190242301F05800C150A5 /* CustomTransitionNode.swift in Sources */ = {isa = PBXBuildFile; fileRef = 7DB190102301F05800C150A5 /* CustomTransitionNode.swift */; };
		7DB190252301F05800C150A5 /* CloseTransitionNode.swift in Sources */ = {isa = PBXBuildFile; fileRef = 7DB190112301F05800C150A5 /* CloseTransitionNode.swift */; };
		7DB190262301F05800C150A5 /* UIViewController+Extension.swift in Sources */ = {isa = PBXBuildFile; fileRef = 7DB190122301F05800C150A5 /* UIViewController+Extension.swift */; };
		7DB190272301F05800C150A5 /* LightRouteErrors.swift in Sources */ = {isa = PBXBuildFile; fileRef = 7DB190132301F05800C150A5 /* LightRouteErrors.swift */; };
		7DB190282301F05800C150A5 /* StoryboardFactory.swift in Sources */ = {isa = PBXBuildFile; fileRef = 7DB190142301F05800C150A5 /* StoryboardFactory.swift */; };
		7DB190292301F05800C150A5 /* StoryboardFactoryProtocol.swift in Sources */ = {isa = PBXBuildFile; fileRef = 7DB190162301F05800C150A5 /* StoryboardFactoryProtocol.swift */; };
		7DB1902A2301F05800C150A5 /* ViewContainerForEmbedSegue.swift in Sources */ = {isa = PBXBuildFile; fileRef = 7DB190172301F05800C150A5 /* ViewContainerForEmbedSegue.swift */; };
		7DB1902B2301F05800C150A5 /* TransitionHandler.swift in Sources */ = {isa = PBXBuildFile; fileRef = 7DB190182301F05800C150A5 /* TransitionHandler.swift */; };
		7DB1902C2301F05800C150A5 /* EmbedSegue.swift in Sources */ = {isa = PBXBuildFile; fileRef = 7DB190192301F05800C150A5 /* EmbedSegue.swift */; };
/* End PBXBuildFile section */

/* Begin PBXContainerItemProxy section */
		7DB18FD52301EEF400C150A5 /* PBXContainerItemProxy */ = {
			isa = PBXContainerItemProxy;
			containerPortal = 7DB18FC12301EEF300C150A5 /* Project object */;
			proxyType = 1;
			remoteGlobalIDString = 7DB18FC92301EEF300C150A5;
			remoteInfo = NGSRouter;
		};
/* End PBXContainerItemProxy section */

/* Begin PBXFileReference section */
		7DB18FCA2301EEF300C150A5 /* NGSRouter.framework */ = {isa = PBXFileReference; explicitFileType = wrapper.framework; includeInIndex = 0; path = NGSRouter.framework; sourceTree = BUILT_PRODUCTS_DIR; };
		7DB18FCE2301EEF300C150A5 /* Info.plist */ = {isa = PBXFileReference; lastKnownFileType = text.plist.xml; path = Info.plist; sourceTree = "<group>"; };
		7DB18FD32301EEF400C150A5 /* NGSRouterTests.xctest */ = {isa = PBXFileReference; explicitFileType = wrapper.cfbundle; includeInIndex = 0; path = NGSRouterTests.xctest; sourceTree = BUILT_PRODUCTS_DIR; };
		7DB18FD82301EEF400C150A5 /* NGSRouterTests.swift */ = {isa = PBXFileReference; lastKnownFileType = sourcecode.swift; path = NGSRouterTests.swift; sourceTree = "<group>"; };
		7DB18FDA2301EEF400C150A5 /* Info.plist */ = {isa = PBXFileReference; lastKnownFileType = text.plist.xml; path = Info.plist; sourceTree = "<group>"; };
		7DB190032301F05800C150A5 /* NGSRouter.swift */ = {isa = PBXFileReference; fileEncoding = 4; lastKnownFileType = sourcecode.swift; path = NGSRouter.swift; sourceTree = "<group>"; };
		7DB190042301F05800C150A5 /* NGSRouterConfig.swift */ = {isa = PBXFileReference; fileEncoding = 4; lastKnownFileType = sourcecode.swift; path = NGSRouterConfig.swift; sourceTree = "<group>"; };
		7DB190062301F05800C150A5 /* NGSRouterType.swift */ = {isa = PBXFileReference; fileEncoding = 4; lastKnownFileType = sourcecode.swift; path = NGSRouterType.swift; sourceTree = "<group>"; };
		7DB190072301F05800C150A5 /* NGSNavigatable.swift */ = {isa = PBXFileReference; fileEncoding = 4; lastKnownFileType = sourcecode.swift; path = NGSNavigatable.swift; sourceTree = "<group>"; };
		7DB190082301F05800C150A5 /* NGSStoryboardIdFactory.swift */ = {isa = PBXFileReference; fileEncoding = 4; lastKnownFileType = sourcecode.swift; path = NGSStoryboardIdFactory.swift; sourceTree = "<group>"; };
		7DB190092301F05800C150A5 /* NGSRouterAssember.swift */ = {isa = PBXFileReference; fileEncoding = 4; lastKnownFileType = sourcecode.swift; path = NGSRouterAssember.swift; sourceTree = "<group>"; };
		7DB1900B2301F05800C150A5 /* LightRoute.swift */ = {isa = PBXFileReference; fileEncoding = 4; lastKnownFileType = sourcecode.swift; path = LightRoute.swift; sourceTree = "<group>"; };
		7DB1900D2301F05800C150A5 /* TransitionNode.swift */ = {isa = PBXFileReference; fileEncoding = 4; lastKnownFileType = sourcecode.swift; path = TransitionNode.swift; sourceTree = "<group>"; };
		7DB1900E2301F05800C150A5 /* GenericTransitionNode.swift */ = {isa = PBXFileReference; fileEncoding = 4; lastKnownFileType = sourcecode.swift; path = GenericTransitionNode.swift; sourceTree = "<group>"; };
		7DB1900F2301F05800C150A5 /* SegueTransitionNode.swift */ = {isa = PBXFileReference; fileEncoding = 4; lastKnownFileType = sourcecode.swift; path = SegueTransitionNode.swift; sourceTree = "<group>"; };
		7DB190102301F05800C150A5 /* CustomTransitionNode.swift */ = {isa = PBXFileReference; fileEncoding = 4; lastKnownFileType = sourcecode.swift; path = CustomTransitionNode.swift; sourceTree = "<group>"; };
		7DB190112301F05800C150A5 /* CloseTransitionNode.swift */ = {isa = PBXFileReference; fileEncoding = 4; lastKnownFileType = sourcecode.swift; path = CloseTransitionNode.swift; sourceTree = "<group>"; };
		7DB190122301F05800C150A5 /* UIViewController+Extension.swift */ = {isa = PBXFileReference; fileEncoding = 4; lastKnownFileType = sourcecode.swift; path = "UIViewController+Extension.swift"; sourceTree = "<group>"; };
		7DB190132301F05800C150A5 /* LightRouteErrors.swift */ = {isa = PBXFileReference; fileEncoding = 4; lastKnownFileType = sourcecode.swift; path = LightRouteErrors.swift; sourceTree = "<group>"; };
		7DB190142301F05800C150A5 /* StoryboardFactory.swift */ = {isa = PBXFileReference; fileEncoding = 4; lastKnownFileType = sourcecode.swift; path = StoryboardFactory.swift; sourceTree = "<group>"; };
		7DB190162301F05800C150A5 /* StoryboardFactoryProtocol.swift */ = {isa = PBXFileReference; fileEncoding = 4; lastKnownFileType = sourcecode.swift; path = StoryboardFactoryProtocol.swift; sourceTree = "<group>"; };
		7DB190172301F05800C150A5 /* ViewContainerForEmbedSegue.swift */ = {isa = PBXFileReference; fileEncoding = 4; lastKnownFileType = sourcecode.swift; path = ViewContainerForEmbedSegue.swift; sourceTree = "<group>"; };
		7DB190182301F05800C150A5 /* TransitionHandler.swift */ = {isa = PBXFileReference; fileEncoding = 4; lastKnownFileType = sourcecode.swift; path = TransitionHandler.swift; sourceTree = "<group>"; };
		7DB190192301F05800C150A5 /* EmbedSegue.swift */ = {isa = PBXFileReference; fileEncoding = 4; lastKnownFileType = sourcecode.swift; path = EmbedSegue.swift; sourceTree = "<group>"; };
/* End PBXFileReference section */

/* Begin PBXFrameworksBuildPhase section */
		7DB18FC72301EEF300C150A5 /* Frameworks */ = {
			isa = PBXFrameworksBuildPhase;
			buildActionMask = 2147483647;
			files = (
			);
			runOnlyForDeploymentPostprocessing = 0;
		};
		7DB18FD02301EEF400C150A5 /* Frameworks */ = {
			isa = PBXFrameworksBuildPhase;
			buildActionMask = 2147483647;
			files = (
				7DB18FD42301EEF400C150A5 /* NGSRouter.framework in Frameworks */,
			);
			runOnlyForDeploymentPostprocessing = 0;
		};
/* End PBXFrameworksBuildPhase section */

/* Begin PBXGroup section */
		7DB18FC02301EEF300C150A5 = {
			isa = PBXGroup;
			children = (
				7DB18FCC2301EEF300C150A5 /* NGSRouter */,
				7DB18FD72301EEF400C150A5 /* NGSRouterTests */,
				7DB18FCB2301EEF300C150A5 /* Products */,
			);
			sourceTree = "<group>";
		};
		7DB18FCB2301EEF300C150A5 /* Products */ = {
			isa = PBXGroup;
			children = (
				7DB18FCA2301EEF300C150A5 /* NGSRouter.framework */,
				7DB18FD32301EEF400C150A5 /* NGSRouterTests.xctest */,
			);
			name = Products;
			sourceTree = "<group>";
		};
		7DB18FCC2301EEF300C150A5 /* NGSRouter */ = {
			isa = PBXGroup;
			children = (
				7DB1900A2301F05800C150A5 /* LightRoute */,
				7DB190022301F05800C150A5 /* Sources */,
				7DB18FCE2301EEF300C150A5 /* Info.plist */,
			);
			path = NGSRouter;
			sourceTree = "<group>";
		};
		7DB18FD72301EEF400C150A5 /* NGSRouterTests */ = {
			isa = PBXGroup;
			children = (
				7DB18FD82301EEF400C150A5 /* NGSRouterTests.swift */,
				7DB18FDA2301EEF400C150A5 /* Info.plist */,
			);
			path = NGSRouterTests;
			sourceTree = "<group>";
		};
		7DB190022301F05800C150A5 /* Sources */ = {
			isa = PBXGroup;
			children = (
				7DB190032301F05800C150A5 /* NGSRouter.swift */,
				7DB190042301F05800C150A5 /* NGSRouterConfig.swift */,
				7DB190052301F05800C150A5 /* Protocols */,
				7DB190092301F05800C150A5 /* NGSRouterAssember.swift */,
			);
			path = Sources;
			sourceTree = "<group>";
		};
		7DB190052301F05800C150A5 /* Protocols */ = {
			isa = PBXGroup;
			children = (
				7DB190062301F05800C150A5 /* NGSRouterType.swift */,
				7DB190072301F05800C150A5 /* NGSNavigatable.swift */,
				7DB190082301F05800C150A5 /* NGSStoryboardIdFactory.swift */,
			);
			path = Protocols;
			sourceTree = "<group>";
		};
		7DB1900A2301F05800C150A5 /* LightRoute */ = {
			isa = PBXGroup;
			children = (
				7DB1900B2301F05800C150A5 /* LightRoute.swift */,
				7DB1900C2301F05800C150A5 /* TransitionNodes */,
				7DB190122301F05800C150A5 /* UIViewController+Extension.swift */,
				7DB190132301F05800C150A5 /* LightRouteErrors.swift */,
				7DB190142301F05800C150A5 /* StoryboardFactory.swift */,
				7DB190152301F05800C150A5 /* Protocols */,
				7DB190192301F05800C150A5 /* EmbedSegue.swift */,
			);
			path = LightRoute;
			sourceTree = "<group>";
		};
		7DB1900C2301F05800C150A5 /* TransitionNodes */ = {
			isa = PBXGroup;
			children = (
				7DB1900D2301F05800C150A5 /* TransitionNode.swift */,
				7DB1900E2301F05800C150A5 /* GenericTransitionNode.swift */,
				7DB1900F2301F05800C150A5 /* SegueTransitionNode.swift */,
				7DB190102301F05800C150A5 /* CustomTransitionNode.swift */,
				7DB190112301F05800C150A5 /* CloseTransitionNode.swift */,
			);
			path = TransitionNodes;
			sourceTree = "<group>";
		};
		7DB190152301F05800C150A5 /* Protocols */ = {
			isa = PBXGroup;
			children = (
				7DB190162301F05800C150A5 /* StoryboardFactoryProtocol.swift */,
				7DB190172301F05800C150A5 /* ViewContainerForEmbedSegue.swift */,
				7DB190182301F05800C150A5 /* TransitionHandler.swift */,
			);
			path = Protocols;
			sourceTree = "<group>";
		};
/* End PBXGroup section */

/* Begin PBXHeadersBuildPhase section */
		7DB18FC52301EEF300C150A5 /* Headers */ = {
			isa = PBXHeadersBuildPhase;
			buildActionMask = 2147483647;
			files = (
			);
			runOnlyForDeploymentPostprocessing = 0;
		};
/* End PBXHeadersBuildPhase section */

/* Begin PBXNativeTarget section */
		7DB18FC92301EEF300C150A5 /* NGSRouter */ = {
			isa = PBXNativeTarget;
			buildConfigurationList = 7DB18FDE2301EEF400C150A5 /* Build configuration list for PBXNativeTarget "NGSRouter" */;
			buildPhases = (
				7DB18FC52301EEF300C150A5 /* Headers */,
				7DB18FC62301EEF300C150A5 /* Sources */,
				7DB18FC72301EEF300C150A5 /* Frameworks */,
				7DB18FC82301EEF300C150A5 /* Resources */,
			);
			buildRules = (
			);
			dependencies = (
			);
			name = NGSRouter;
			productName = NGSRouter;
			productReference = 7DB18FCA2301EEF300C150A5 /* NGSRouter.framework */;
			productType = "com.apple.product-type.framework";
		};
		7DB18FD22301EEF400C150A5 /* NGSRouterTests */ = {
			isa = PBXNativeTarget;
			buildConfigurationList = 7DB18FE12301EEF400C150A5 /* Build configuration list for PBXNativeTarget "NGSRouterTests" */;
			buildPhases = (
				7DB18FCF2301EEF400C150A5 /* Sources */,
				7DB18FD02301EEF400C150A5 /* Frameworks */,
				7DB18FD12301EEF400C150A5 /* Resources */,
			);
			buildRules = (
			);
			dependencies = (
				7DB18FD62301EEF400C150A5 /* PBXTargetDependency */,
			);
			name = NGSRouterTests;
			productName = NGSRouterTests;
			productReference = 7DB18FD32301EEF400C150A5 /* NGSRouterTests.xctest */;
			productType = "com.apple.product-type.bundle.unit-test";
		};
/* End PBXNativeTarget section */

/* Begin PBXProject section */
		7DB18FC12301EEF300C150A5 /* Project object */ = {
			isa = PBXProject;
			attributes = {
				LastSwiftUpdateCheck = 1020;
				LastUpgradeCheck = 1020;
				ORGANIZATIONNAME = NGS;
				TargetAttributes = {
					7DB18FC92301EEF300C150A5 = {
						CreatedOnToolsVersion = 10.2.1;
					};
					7DB18FD22301EEF400C150A5 = {
						CreatedOnToolsVersion = 10.2.1;
					};
				};
			};
			buildConfigurationList = 7DB18FC42301EEF300C150A5 /* Build configuration list for PBXProject "NGSRouter" */;
			compatibilityVersion = "Xcode 9.3";
			developmentRegion = en;
			hasScannedForEncodings = 0;
			knownRegions = (
				en,
			);
			mainGroup = 7DB18FC02301EEF300C150A5;
			productRefGroup = 7DB18FCB2301EEF300C150A5 /* Products */;
			projectDirPath = "";
			projectRoot = "";
			targets = (
				7DB18FC92301EEF300C150A5 /* NGSRouter */,
				7DB18FD22301EEF400C150A5 /* NGSRouterTests */,
			);
		};
/* End PBXProject section */

/* Begin PBXResourcesBuildPhase section */
		7DB18FC82301EEF300C150A5 /* Resources */ = {
			isa = PBXResourcesBuildPhase;
			buildActionMask = 2147483647;
			files = (
			);
			runOnlyForDeploymentPostprocessing = 0;
		};
		7DB18FD12301EEF400C150A5 /* Resources */ = {
			isa = PBXResourcesBuildPhase;
			buildActionMask = 2147483647;
			files = (
			);
			runOnlyForDeploymentPostprocessing = 0;
		};
/* End PBXResourcesBuildPhase section */

/* Begin PBXSourcesBuildPhase section */
		7DB18FC62301EEF300C150A5 /* Sources */ = {
			isa = PBXSourcesBuildPhase;
			buildActionMask = 2147483647;
			files = (
				7DB190232301F05800C150A5 /* SegueTransitionNode.swift in Sources */,
				7DB190262301F05800C150A5 /* UIViewController+Extension.swift in Sources */,
				7DB190222301F05800C150A5 /* GenericTransitionNode.swift in Sources */,
				7DB190212301F05800C150A5 /* TransitionNode.swift in Sources */,
				7DB190252301F05800C150A5 /* CloseTransitionNode.swift in Sources */,
				7DB190202301F05800C150A5 /* LightRoute.swift in Sources */,
				7DB1902C2301F05800C150A5 /* EmbedSegue.swift in Sources */,
				7DB1901A2301F05800C150A5 /* NGSRouter.swift in Sources */,
				7DB1901D2301F05800C150A5 /* NGSNavigatable.swift in Sources */,
				7DB1901E2301F05800C150A5 /* NGSStoryboardIdFactory.swift in Sources */,
				7DB1902A2301F05800C150A5 /* ViewContainerForEmbedSegue.swift in Sources */,
				7DB190242301F05800C150A5 /* CustomTransitionNode.swift in Sources */,
				7DB1901B2301F05800C150A5 /* NGSRouterConfig.swift in Sources */,
				7DB190282301F05800C150A5 /* StoryboardFactory.swift in Sources */,
				7DB190272301F05800C150A5 /* LightRouteErrors.swift in Sources */,
				7DB190292301F05800C150A5 /* StoryboardFactoryProtocol.swift in Sources */,
				7DB1901C2301F05800C150A5 /* NGSRouterType.swift in Sources */,
				7DB1901F2301F05800C150A5 /* NGSRouterAssember.swift in Sources */,
				7DB1902B2301F05800C150A5 /* TransitionHandler.swift in Sources */,
			);
			runOnlyForDeploymentPostprocessing = 0;
		};
		7DB18FCF2301EEF400C150A5 /* Sources */ = {
			isa = PBXSourcesBuildPhase;
			buildActionMask = 2147483647;
			files = (
				7DB18FD92301EEF400C150A5 /* NGSRouterTests.swift in Sources */,
			);
			runOnlyForDeploymentPostprocessing = 0;
		};
/* End PBXSourcesBuildPhase section */

/* Begin PBXTargetDependency section */
		7DB18FD62301EEF400C150A5 /* PBXTargetDependency */ = {
			isa = PBXTargetDependency;
			target = 7DB18FC92301EEF300C150A5 /* NGSRouter */;
			targetProxy = 7DB18FD52301EEF400C150A5 /* PBXContainerItemProxy */;
		};
/* End PBXTargetDependency section */

/* Begin XCBuildConfiguration section */
		7DB18FDC2301EEF400C150A5 /* Debug */ = {
			isa = XCBuildConfiguration;
			buildSettings = {
				ALWAYS_SEARCH_USER_PATHS = NO;
				CLANG_ANALYZER_NONNULL = YES;
				CLANG_ANALYZER_NUMBER_OBJECT_CONVERSION = YES_AGGRESSIVE;
				CLANG_CXX_LANGUAGE_STANDARD = "gnu++14";
				CLANG_CXX_LIBRARY = "libc++";
				CLANG_ENABLE_MODULES = YES;
				CLANG_ENABLE_OBJC_ARC = YES;
				CLANG_ENABLE_OBJC_WEAK = YES;
				CLANG_WARN_BLOCK_CAPTURE_AUTORELEASING = YES;
				CLANG_WARN_BOOL_CONVERSION = YES;
				CLANG_WARN_COMMA = YES;
				CLANG_WARN_CONSTANT_CONVERSION = YES;
				CLANG_WARN_DEPRECATED_OBJC_IMPLEMENTATIONS = YES;
				CLANG_WARN_DIRECT_OBJC_ISA_USAGE = YES_ERROR;
				CLANG_WARN_DOCUMENTATION_COMMENTS = YES;
				CLANG_WARN_EMPTY_BODY = YES;
				CLANG_WARN_ENUM_CONVERSION = YES;
				CLANG_WARN_INFINITE_RECURSION = YES;
				CLANG_WARN_INT_CONVERSION = YES;
				CLANG_WARN_NON_LITERAL_NULL_CONVERSION = YES;
				CLANG_WARN_OBJC_IMPLICIT_RETAIN_SELF = YES;
				CLANG_WARN_OBJC_LITERAL_CONVERSION = YES;
				CLANG_WARN_OBJC_ROOT_CLASS = YES_ERROR;
				CLANG_WARN_RANGE_LOOP_ANALYSIS = YES;
				CLANG_WARN_STRICT_PROTOTYPES = YES;
				CLANG_WARN_SUSPICIOUS_MOVE = YES;
				CLANG_WARN_UNGUARDED_AVAILABILITY = YES_AGGRESSIVE;
				CLANG_WARN_UNREACHABLE_CODE = YES;
				CLANG_WARN__DUPLICATE_METHOD_MATCH = YES;
				CODE_SIGN_IDENTITY = "iPhone Developer";
				COPY_PHASE_STRIP = NO;
				CURRENT_PROJECT_VERSION = 1;
				DEBUG_INFORMATION_FORMAT = dwarf;
				ENABLE_STRICT_OBJC_MSGSEND = YES;
				ENABLE_TESTABILITY = YES;
				GCC_C_LANGUAGE_STANDARD = gnu11;
				GCC_DYNAMIC_NO_PIC = NO;
				GCC_NO_COMMON_BLOCKS = YES;
				GCC_OPTIMIZATION_LEVEL = 0;
				GCC_PREPROCESSOR_DEFINITIONS = (
					"DEBUG=1",
					"$(inherited)",
				);
				GCC_WARN_64_TO_32_BIT_CONVERSION = YES;
				GCC_WARN_ABOUT_RETURN_TYPE = YES_ERROR;
				GCC_WARN_UNDECLARED_SELECTOR = YES;
				GCC_WARN_UNINITIALIZED_AUTOS = YES_AGGRESSIVE;
				GCC_WARN_UNUSED_FUNCTION = YES;
				GCC_WARN_UNUSED_VARIABLE = YES;
				IPHONEOS_DEPLOYMENT_TARGET = 12.2;
				MTL_ENABLE_DEBUG_INFO = INCLUDE_SOURCE;
				MTL_FAST_MATH = YES;
				ONLY_ACTIVE_ARCH = YES;
				SDKROOT = iphoneos;
				SWIFT_ACTIVE_COMPILATION_CONDITIONS = DEBUG;
				SWIFT_OPTIMIZATION_LEVEL = "-Onone";
				VERSIONING_SYSTEM = "apple-generic";
				VERSION_INFO_PREFIX = "";
			};
			name = Debug;
		};
		7DB18FDD2301EEF400C150A5 /* Release */ = {
			isa = XCBuildConfiguration;
			buildSettings = {
				ALWAYS_SEARCH_USER_PATHS = NO;
				CLANG_ANALYZER_NONNULL = YES;
				CLANG_ANALYZER_NUMBER_OBJECT_CONVERSION = YES_AGGRESSIVE;
				CLANG_CXX_LANGUAGE_STANDARD = "gnu++14";
				CLANG_CXX_LIBRARY = "libc++";
				CLANG_ENABLE_MODULES = YES;
				CLANG_ENABLE_OBJC_ARC = YES;
				CLANG_ENABLE_OBJC_WEAK = YES;
				CLANG_WARN_BLOCK_CAPTURE_AUTORELEASING = YES;
				CLANG_WARN_BOOL_CONVERSION = YES;
				CLANG_WARN_COMMA = YES;
				CLANG_WARN_CONSTANT_CONVERSION = YES;
				CLANG_WARN_DEPRECATED_OBJC_IMPLEMENTATIONS = YES;
				CLANG_WARN_DIRECT_OBJC_ISA_USAGE = YES_ERROR;
				CLANG_WARN_DOCUMENTATION_COMMENTS = YES;
				CLANG_WARN_EMPTY_BODY = YES;
				CLANG_WARN_ENUM_CONVERSION = YES;
				CLANG_WARN_INFINITE_RECURSION = YES;
				CLANG_WARN_INT_CONVERSION = YES;
				CLANG_WARN_NON_LITERAL_NULL_CONVERSION = YES;
				CLANG_WARN_OBJC_IMPLICIT_RETAIN_SELF = YES;
				CLANG_WARN_OBJC_LITERAL_CONVERSION = YES;
				CLANG_WARN_OBJC_ROOT_CLASS = YES_ERROR;
				CLANG_WARN_RANGE_LOOP_ANALYSIS = YES;
				CLANG_WARN_STRICT_PROTOTYPES = YES;
				CLANG_WARN_SUSPICIOUS_MOVE = YES;
				CLANG_WARN_UNGUARDED_AVAILABILITY = YES_AGGRESSIVE;
				CLANG_WARN_UNREACHABLE_CODE = YES;
				CLANG_WARN__DUPLICATE_METHOD_MATCH = YES;
				CODE_SIGN_IDENTITY = "iPhone Developer";
				COPY_PHASE_STRIP = NO;
				CURRENT_PROJECT_VERSION = 1;
				DEBUG_INFORMATION_FORMAT = "dwarf-with-dsym";
				ENABLE_NS_ASSERTIONS = NO;
				ENABLE_STRICT_OBJC_MSGSEND = YES;
				GCC_C_LANGUAGE_STANDARD = gnu11;
				GCC_NO_COMMON_BLOCKS = YES;
				GCC_WARN_64_TO_32_BIT_CONVERSION = YES;
				GCC_WARN_ABOUT_RETURN_TYPE = YES_ERROR;
				GCC_WARN_UNDECLARED_SELECTOR = YES;
				GCC_WARN_UNINITIALIZED_AUTOS = YES_AGGRESSIVE;
				GCC_WARN_UNUSED_FUNCTION = YES;
				GCC_WARN_UNUSED_VARIABLE = YES;
				IPHONEOS_DEPLOYMENT_TARGET = 12.2;
				MTL_ENABLE_DEBUG_INFO = NO;
				MTL_FAST_MATH = YES;
				SDKROOT = iphoneos;
				SWIFT_COMPILATION_MODE = wholemodule;
				SWIFT_OPTIMIZATION_LEVEL = "-O";
				VALIDATE_PRODUCT = YES;
				VERSIONING_SYSTEM = "apple-generic";
				VERSION_INFO_PREFIX = "";
			};
			name = Release;
		};
		7DB18FDF2301EEF400C150A5 /* Debug */ = {
			isa = XCBuildConfiguration;
			buildSettings = {
				CODE_SIGN_IDENTITY = "";
				CODE_SIGN_STYLE = Automatic;
				DEFINES_MODULE = YES;
				DEVELOPMENT_TEAM = D9L33B2S23;
				DYLIB_COMPATIBILITY_VERSION = 1;
				DYLIB_CURRENT_VERSION = 1;
				DYLIB_INSTALL_NAME_BASE = "@rpath";
				INFOPLIST_FILE = NGSRouter/Info.plist;
				INSTALL_PATH = "$(LOCAL_LIBRARY_DIR)/Frameworks";
				LD_RUNPATH_SEARCH_PATHS = (
					"$(inherited)",
					"@executable_path/Frameworks",
					"@loader_path/Frameworks",
				);
				PRODUCT_BUNDLE_IDENTIFIER = com.ngs.NGSRouter;
				PRODUCT_NAME = "$(TARGET_NAME:c99extidentifier)";
				SKIP_INSTALL = YES;
				SWIFT_VERSION = 5.0;
				TARGETED_DEVICE_FAMILY = "1,2";
			};
			name = Debug;
		};
		7DB18FE02301EEF400C150A5 /* Release */ = {
			isa = XCBuildConfiguration;
			buildSettings = {
				CODE_SIGN_IDENTITY = "";
				CODE_SIGN_STYLE = Automatic;
				DEFINES_MODULE = YES;
				DEVELOPMENT_TEAM = D9L33B2S23;
				DYLIB_COMPATIBILITY_VERSION = 1;
				DYLIB_CURRENT_VERSION = 1;
				DYLIB_INSTALL_NAME_BASE = "@rpath";
				INFOPLIST_FILE = NGSRouter/Info.plist;
				INSTALL_PATH = "$(LOCAL_LIBRARY_DIR)/Frameworks";
				LD_RUNPATH_SEARCH_PATHS = (
					"$(inherited)",
					"@executable_path/Frameworks",
					"@loader_path/Frameworks",
				);
				PRODUCT_BUNDLE_IDENTIFIER = com.ngs.NGSRouter;
				PRODUCT_NAME = "$(TARGET_NAME:c99extidentifier)";
				SKIP_INSTALL = YES;
				SWIFT_VERSION = 5.0;
				TARGETED_DEVICE_FAMILY = "1,2";
			};
			name = Release;
		};
		7DB18FE22301EEF400C150A5 /* Debug */ = {
			isa = XCBuildConfiguration;
			buildSettings = {
				ALWAYS_EMBED_SWIFT_STANDARD_LIBRARIES = YES;
				CODE_SIGN_STYLE = Automatic;
				DEVELOPMENT_TEAM = D9L33B2S23;
				INFOPLIST_FILE = NGSRouterTests/Info.plist;
				LD_RUNPATH_SEARCH_PATHS = (
					"$(inherited)",
					"@executable_path/Frameworks",
					"@loader_path/Frameworks",
				);
				PRODUCT_BUNDLE_IDENTIFIER = com.ngs.NGSRouterTests;
				PRODUCT_NAME = "$(TARGET_NAME)";
				SWIFT_VERSION = 5.0;
				TARGETED_DEVICE_FAMILY = "1,2";
			};
			name = Debug;
		};
		7DB18FE32301EEF400C150A5 /* Release */ = {
			isa = XCBuildConfiguration;
			buildSettings = {
				ALWAYS_EMBED_SWIFT_STANDARD_LIBRARIES = YES;
				CODE_SIGN_STYLE = Automatic;
				DEVELOPMENT_TEAM = D9L33B2S23;
				INFOPLIST_FILE = NGSRouterTests/Info.plist;
				LD_RUNPATH_SEARCH_PATHS = (
					"$(inherited)",
					"@executable_path/Frameworks",
					"@loader_path/Frameworks",
				);
				PRODUCT_BUNDLE_IDENTIFIER = com.ngs.NGSRouterTests;
				PRODUCT_NAME = "$(TARGET_NAME)";
				SWIFT_VERSION = 5.0;
				TARGETED_DEVICE_FAMILY = "1,2";
			};
			name = Release;
		};
/* End XCBuildConfiguration section */

/* Begin XCConfigurationList section */
		7DB18FC42301EEF300C150A5 /* Build configuration list for PBXProject "NGSRouter" */ = {
			isa = XCConfigurationList;
			buildConfigurations = (
				7DB18FDC2301EEF400C150A5 /* Debug */,
				7DB18FDD2301EEF400C150A5 /* Release */,
			);
			defaultConfigurationIsVisible = 0;
			defaultConfigurationName = Release;
		};
		7DB18FDE2301EEF400C150A5 /* Build configuration list for PBXNativeTarget "NGSRouter" */ = {
			isa = XCConfigurationList;
			buildConfigurations = (
				7DB18FDF2301EEF400C150A5 /* Debug */,
				7DB18FE02301EEF400C150A5 /* Release */,
			);
			defaultConfigurationIsVisible = 0;
			defaultConfigurationName = Release;
		};
		7DB18FE12301EEF400C150A5 /* Build configuration list for PBXNativeTarget "NGSRouterTests" */ = {
			isa = XCConfigurationList;
			buildConfigurations = (
				7DB18FE22301EEF400C150A5 /* Debug */,
				7DB18FE32301EEF400C150A5 /* Release */,
			);
			defaultConfigurationIsVisible = 0;
			defaultConfigurationName = Release;
		};
/* End XCConfigurationList section */
	};
	rootObject = 7DB18FC12301EEF300C150A5 /* Project object */;
}
